
Microsoft Visual Studio Solution File, Format Version 12.00
# Visual Studio Version 17
VisualStudioVersion = 17.8.34525.116
MinimumVisualStudioVersion = 10.0.40219.1
Project("{FAE04EC0-301F-11D3-BF4B-00C04F79EFBC}") = "Speedometer GTA 5 -- Windows From", "Speedometer GTA 5 -- Windows From\Speedometer GTA 5 -- Windows From.csproj", "{639E49FF-F217-4CB9-B47D-910827324709}"
EndProject
Global
	GlobalSection(SolutionConfigurationPlatforms) = preSolution
		Debug|Any CPU = Debug|Any CPU
		Debug|x64 = Debug|x64
		Release|Any CPU = Release|Any CPU
		Release|x64 = Release|x64
	EndGlobalSection
	GlobalSection(ProjectConfigurationPlatforms) = postSolution
		{639E49FF-F217-4CB9-B47D-910827324709}.Debug|Any CPU.ActiveCfg = Debug|Any CPU
		{639E49FF-F217-4CB9-B47D-910827324709}.Debug|Any CPU.Build.0 = Debug|Any CPU
		{639E49FF-F217-4CB9-B47D-910827324709}.Debug|x64.ActiveCfg = Debug|x64
		{639E49FF-F217-4CB9-B47D-910827324709}.Debug|x64.Build.0 = Debug|x64
		{639E49FF-F217-4CB9-B47D-910827324709}.Release|Any CPU.ActiveCfg = Release|Any CPU
		{639E49FF-F217-4CB9-B47D-910827324709}.Release|Any CPU.Build.0 = Release|Any CPU
		{639E49FF-F217-4CB9-B47D-910827324709}.Release|x64.ActiveCfg = Release|x64
		{639E49FF-F217-4CB9-B47D-910827324709}.Release|x64.Build.0 = Release|x64
	EndGlobalSection
	GlobalSection(SolutionProperties) = preSolution
		HideSolutionNode = FALSE
	EndGlobalSection
	GlobalSection(ExtensibilityGlobals) = postSolution
		SolutionGuid = {6888FF36-8B3B-4B58-A536-6E81A471D1D4}
	EndGlobalSection
EndGlobal
